// !$*UTF8*$!
{
	archiveVersion = 1;
	classes = {
	};
	objectVersion = 46;
	objects = {

/* Begin PBXBuildFile section */
		343A57A9DB69E8686D928625 /* Pods_FileCover.framework in Frameworks */ = {isa = PBXBuildFile; fileRef = 1CEF516B77CF55A2603484A0 /* Pods_FileCover.framework */; };
		9C6CB1B41E9B61FD00513839 /* IBDesignableOnePixelConstant.m in Sources */ = {isa = PBXBuildFile; fileRef = 9C6CB1B31E9B61FD00513839 /* IBDesignableOnePixelConstant.m */; };
		9C895B191E94E9E1003629C6 /* AppDelegate.swift in Sources */ = {isa = PBXBuildFile; fileRef = 9C895B181E94E9E1003629C6 /* AppDelegate.swift */; };
		9C895B201E94E9E1003629C6 /* Assets.xcassets in Resources */ = {isa = PBXBuildFile; fileRef = 9C895B1F1E94E9E1003629C6 /* Assets.xcassets */; };
		9CE4280D1E9B5CEA00C5A23B /* LaunchScreen.storyboard in Resources */ = {isa = PBXBuildFile; fileRef = 9CE428091E9B5CEA00C5A23B /* LaunchScreen.storyboard */; };
		9CE4280E1E9B5CEA00C5A23B /* Main.storyboard in Resources */ = {isa = PBXBuildFile; fileRef = 9CE4280B1E9B5CEA00C5A23B /* Main.storyboard */; };
		9CE428171E9B5E3800C5A23B /* FCHomeViewController.swift in Sources */ = {isa = PBXBuildFile; fileRef = 9CE428161E9B5E3800C5A23B /* FCHomeViewController.swift */; };
/* End PBXBuildFile section */

/* Begin PBXFileReference section */
		1CEF516B77CF55A2603484A0 /* Pods_FileCover.framework */ = {isa = PBXFileReference; explicitFileType = wrapper.framework; includeInIndex = 0; path = Pods_FileCover.framework; sourceTree = BUILT_PRODUCTS_DIR; };
		7897A9AED846AF1E3808B04D /* Pods-FileCover.debug.xcconfig */ = {isa = PBXFileReference; includeInIndex = 1; lastKnownFileType = text.xcconfig; name = "Pods-FileCover.debug.xcconfig"; path = "Pods/Target Support Files/Pods-FileCover/Pods-FileCover.debug.xcconfig"; sourceTree = "<group>"; };
		8A07EF16A5B37D3C9337FFA1 /* Pods-FileCover.release.xcconfig */ = {isa = PBXFileReference; includeInIndex = 1; lastKnownFileType = text.xcconfig; name = "Pods-FileCover.release.xcconfig"; path = "Pods/Target Support Files/Pods-FileCover/Pods-FileCover.release.xcconfig"; sourceTree = "<group>"; };
		9C6CB1B11E9B61FD00513839 /* FileCover-Bridging-Header.h */ = {isa = PBXFileReference; lastKnownFileType = sourcecode.c.h; path = "FileCover-Bridging-Header.h"; sourceTree = "<group>"; };
		9C6CB1B21E9B61FD00513839 /* IBDesignableOnePixelConstant.h */ = {isa = PBXFileReference; fileEncoding = 4; lastKnownFileType = sourcecode.c.h; path = IBDesignableOnePixelConstant.h; sourceTree = "<group>"; };
		9C6CB1B31E9B61FD00513839 /* IBDesignableOnePixelConstant.m */ = {isa = PBXFileReference; fileEncoding = 4; lastKnownFileType = sourcecode.c.objc; path = IBDesignableOnePixelConstant.m; sourceTree = "<group>"; };
		9C895B151E94E9E1003629C6 /* FileCover.app */ = {isa = PBXFileReference; explicitFileType = wrapper.application; includeInIndex = 0; path = FileCover.app; sourceTree = BUILT_PRODUCTS_DIR; };
		9C895B181E94E9E1003629C6 /* AppDelegate.swift */ = {isa = PBXFileReference; lastKnownFileType = sourcecode.swift; path = AppDelegate.swift; sourceTree = "<group>"; };
		9C895B1F1E94E9E1003629C6 /* Assets.xcassets */ = {isa = PBXFileReference; lastKnownFileType = folder.assetcatalog; path = Assets.xcassets; sourceTree = "<group>"; };
		9C895B241E94E9E1003629C6 /* Info.plist */ = {isa = PBXFileReference; lastKnownFileType = text.plist.xml; path = Info.plist; sourceTree = "<group>"; };
		9C895B2E1E963F2A003629C6 /* SQLite.framework */ = {isa = PBXFileReference; lastKnownFileType = wrapper.framework; name = SQLite.framework; path = "../../Library/Developer/Xcode/DerivedData/FileCover-calcibmbkbqtqlfysgfbkjppgcqx/Build/Products/Debug-iphoneos/SQLite.swift/SQLite.framework"; sourceTree = "<group>"; };
		9C895B301E9641BC003629C6 /* libsqlite3.tbd */ = {isa = PBXFileReference; lastKnownFileType = "sourcecode.text-based-dylib-definition"; name = libsqlite3.tbd; path = usr/lib/libsqlite3.tbd; sourceTree = SDKROOT; };
		9CE4280A1E9B5CEA00C5A23B /* Base */ = {isa = PBXFileReference; lastKnownFileType = file.storyboard; name = Base; path = LaunchScreen.storyboard; sourceTree = "<group>"; };
		9CE4280C1E9B5CEA00C5A23B /* Base */ = {isa = PBXFileReference; lastKnownFileType = file.storyboard; name = Base; path = Main.storyboard; sourceTree = "<group>"; };
		9CE428161E9B5E3800C5A23B /* FCHomeViewController.swift */ = {isa = PBXFileReference; fileEncoding = 4; lastKnownFileType = sourcecode.swift; path = FCHomeViewController.swift; sourceTree = "<group>"; };
/* End PBXFileReference section */

/* Begin PBXFrameworksBuildPhase section */
		9C895B121E94E9E1003629C6 /* Frameworks */ = {
			isa = PBXFrameworksBuildPhase;
			buildActionMask = 2147483647;
			files = (
				343A57A9DB69E8686D928625 /* Pods_FileCover.framework in Frameworks */,
			);
			runOnlyForDeploymentPostprocessing = 0;
		};
/* End PBXFrameworksBuildPhase section */

/* Begin PBXGroup section */
		5422AAC6192A06689AF51013 /* Pods */ = {
			isa = PBXGroup;
			children = (
				7897A9AED846AF1E3808B04D /* Pods-FileCover.debug.xcconfig */,
				8A07EF16A5B37D3C9337FFA1 /* Pods-FileCover.release.xcconfig */,
			);
			name = Pods;
			sourceTree = "<group>";
		};
		9C895B0C1E94E9E1003629C6 = {
			isa = PBXGroup;
			children = (
				9C895B171E94E9E1003629C6 /* FileCover */,
				9C895B161E94E9E1003629C6 /* Products */,
				5422AAC6192A06689AF51013 /* Pods */,
				ADC502F1E18EFF546F3CA2FF /* Frameworks */,
			);
			sourceTree = "<group>";
		};
		9C895B161E94E9E1003629C6 /* Products */ = {
			isa = PBXGroup;
			children = (
				9C895B151E94E9E1003629C6 /* FileCover.app */,
			);
			name = Products;
			sourceTree = "<group>";
		};
		9C895B171E94E9E1003629C6 /* FileCover */ = {
			isa = PBXGroup;
			children = (
				9CE428131E9B5DBF00C5A23B /* FCCommon */,
				9CE428121E9B5DB600C5A23B /* FCDataBase */,
				9CE428111E9B5DA600C5A23B /* FCPerson */,
				9CE428071E9B5C8800C5A23B /* FCHome */,
				9CE428081E9B5CEA00C5A23B /* Base.lproj */,
				9C895B181E94E9E1003629C6 /* AppDelegate.swift */,
				9C895B1F1E94E9E1003629C6 /* Assets.xcassets */,
				9C895B241E94E9E1003629C6 /* Info.plist */,
			);
			path = FileCover;
			sourceTree = "<group>";
		};
		9CE428071E9B5C8800C5A23B /* FCHome */ = {
			isa = PBXGroup;
			children = (
				9CE428161E9B5E3800C5A23B /* FCHomeViewController.swift */,
			);
			path = FCHome;
			sourceTree = "<group>";
		};
		9CE428081E9B5CEA00C5A23B /* Base.lproj */ = {
			isa = PBXGroup;
			children = (
				9CE428091E9B5CEA00C5A23B /* LaunchScreen.storyboard */,
				9CE4280B1E9B5CEA00C5A23B /* Main.storyboard */,
			);
			path = Base.lproj;
			sourceTree = "<group>";
		};
		9CE428111E9B5DA600C5A23B /* FCPerson */ = {
			isa = PBXGroup;
			children = (
			);
			path = FCPerson;
			sourceTree = "<group>";
		};
		9CE428121E9B5DB600C5A23B /* FCDataBase */ = {
			isa = PBXGroup;
			children = (
			);
			path = FCDataBase;
			sourceTree = "<group>";
		};
		9CE428131E9B5DBF00C5A23B /* FCCommon */ = {
			isa = PBXGroup;
			children = (
				9C6CB1B21E9B61FD00513839 /* IBDesignableOnePixelConstant.h */,
				9C6CB1B31E9B61FD00513839 /* IBDesignableOnePixelConstant.m */,
				9C6CB1B11E9B61FD00513839 /* FileCover-Bridging-Header.h */,
			);
			path = FCCommon;
			sourceTree = "<group>";
		};
		ADC502F1E18EFF546F3CA2FF /* Frameworks */ = {
			isa = PBXGroup;
			children = (
				9C895B301E9641BC003629C6 /* libsqlite3.tbd */,
				9C895B2E1E963F2A003629C6 /* SQLite.framework */,
				1CEF516B77CF55A2603484A0 /* Pods_FileCover.framework */,
			);
			name = Frameworks;
			sourceTree = "<group>";
		};
/* End PBXGroup section */

/* Begin PBXNativeTarget section */
		9C895B141E94E9E1003629C6 /* FileCover */ = {
			isa = PBXNativeTarget;
			buildConfigurationList = 9C895B271E94E9E1003629C6 /* Build configuration list for PBXNativeTarget "FileCover" */;
			buildPhases = (
				BFA69E852164275388602A44 /* [CP] Check Pods Manifest.lock */,
				9C895B111E94E9E1003629C6 /* Sources */,
				9C895B121E94E9E1003629C6 /* Frameworks */,
				9C895B131E94E9E1003629C6 /* Resources */,
				A67602E2BAB487647804ADEE /* [CP] Embed Pods Frameworks */,
				3DB9AA67F30700E7E07B48C2 /* [CP] Copy Pods Resources */,
			);
			buildRules = (
			);
			dependencies = (
			);
			name = FileCover;
			productName = FileCover;
			productReference = 9C895B151E94E9E1003629C6 /* FileCover.app */;
			productType = "com.apple.product-type.application";
		};
/* End PBXNativeTarget section */

/* Begin PBXProject section */
		9C895B0D1E94E9E1003629C6 /* Project object */ = {
			isa = PBXProject;
			attributes = {
				LastSwiftUpdateCheck = 0820;
				LastUpgradeCheck = 0820;
				ORGANIZATIONNAME = "张宏欢";
				TargetAttributes = {
					9C895B141E94E9E1003629C6 = {
						CreatedOnToolsVersion = 8.2.1;
						DevelopmentTeam = 4HCMMLHLN3;
						LastSwiftMigration = 0830;
						ProvisioningStyle = Automatic;
					};
				};
			};
			buildConfigurationList = 9C895B101E94E9E1003629C6 /* Build configuration list for PBXProject "FileCover" */;
			compatibilityVersion = "Xcode 3.2";
			developmentRegion = English;
			hasScannedForEncodings = 0;
			knownRegions = (
				en,
				Base,
			);
			mainGroup = 9C895B0C1E94E9E1003629C6;
			productRefGroup = 9C895B161E94E9E1003629C6 /* Products */;
			projectDirPath = "";
			projectRoot = "";
			targets = (
				9C895B141E94E9E1003629C6 /* FileCover */,
			);
		};
/* End PBXProject section */

/* Begin PBXResourcesBuildPhase section */
		9C895B131E94E9E1003629C6 /* Resources */ = {
			isa = PBXResourcesBuildPhase;
			buildActionMask = 2147483647;
			files = (
				9CE4280E1E9B5CEA00C5A23B /* Main.storyboard in Resources */,
				9CE4280D1E9B5CEA00C5A23B /* LaunchScreen.storyboard in Resources */,
				9C895B201E94E9E1003629C6 /* Assets.xcassets in Resources */,
			);
			runOnlyForDeploymentPostprocessing = 0;
		};
/* End PBXResourcesBuildPhase section */

/* Begin PBXShellScriptBuildPhase section */
		3DB9AA67F30700E7E07B48C2 /* [CP] Copy Pods Resources */ = {
			isa = PBXShellScriptBuildPhase;
			buildActionMask = 2147483647;
			files = (
			);
			inputPaths = (
			);
			name = "[CP] Copy Pods Resources";
			outputPaths = (
			);
			runOnlyForDeploymentPostprocessing = 0;
			shellPath = /bin/sh;
			shellScript = "\"${SRCROOT}/Pods/Target Support Files/Pods-FileCover/Pods-FileCover-resources.sh\"\n";
			showEnvVarsInLog = 0;
		};
		A67602E2BAB487647804ADEE /* [CP] Embed Pods Frameworks */ = {
			isa = PBXShellScriptBuildPhase;
			buildActionMask = 2147483647;
			files = (
			);
			inputPaths = (
			);
			name = "[CP] Embed Pods Frameworks";
			outputPaths = (
			);
			runOnlyForDeploymentPostprocessing = 0;
			shellPath = /bin/sh;
			shellScript = "\"${SRCROOT}/Pods/Target Support Files/Pods-FileCover/Pods-FileCover-frameworks.sh\"\n";
			showEnvVarsInLog = 0;
		};
		BFA69E852164275388602A44 /* [CP] Check Pods Manifest.lock */ = {
			isa = PBXShellScriptBuildPhase;
			buildActionMask = 2147483647;
			files = (
			);
			inputPaths = (
			);
			name = "[CP] Check Pods Manifest.lock";
			outputPaths = (
			);
			runOnlyForDeploymentPostprocessing = 0;
			shellPath = /bin/sh;
			shellScript = "diff \"${PODS_PODFILE_DIR_PATH}/Podfile.lock\" \"${PODS_ROOT}/Manifest.lock\" > /dev/null\nif [ $? != 0 ] ; then\n    # print error to STDERR\n    echo \"error: The sandbox is not in sync with the Podfile.lock. Run 'pod install' or update your CocoaPods installation.\" >&2\n    exit 1\nfi\n";
			showEnvVarsInLog = 0;
		};
/* End PBXShellScriptBuildPhase section */

/* Begin PBXSourcesBuildPhase section */
		9C895B111E94E9E1003629C6 /* Sources */ = {
			isa = PBXSourcesBuildPhase;
			buildActionMask = 2147483647;
			files = (
				9CE428171E9B5E3800C5A23B /* FCHomeViewController.swift in Sources */,
				9C895B191E94E9E1003629C6 /* AppDelegate.swift in Sources */,
				9C6CB1B41E9B61FD00513839 /* IBDesignableOnePixelConstant.m in Sources */,
			);
			runOnlyForDeploymentPostprocessing = 0;
		};
/* End PBXSourcesBuildPhase section */

/* Begin PBXVariantGroup section */
		9CE428091E9B5CEA00C5A23B /* LaunchScreen.storyboard */ = {
			isa = PBXVariantGroup;
			children = (
				9CE4280A1E9B5CEA00C5A23B /* Base */,
			);
			name = LaunchScreen.storyboard;
			sourceTree = "<group>";
		};
		9CE4280B1E9B5CEA00C5A23B /* Main.storyboard */ = {
			isa = PBXVariantGroup;
			children = (
				9CE4280C1E9B5CEA00C5A23B /* Base */,
			);
			name = Main.storyboard;
			sourceTree = "<group>";
		};
/* End PBXVariantGroup section */

/* Begin XCBuildConfiguration section */
		9C895B251E94E9E1003629C6 /* Debug */ = {
			isa = XCBuildConfiguration;
			buildSettings = {
				ALWAYS_SEARCH_USER_PATHS = NO;
				CLANG_ANALYZER_NONNULL = YES;
				CLANG_CXX_LANGUAGE_STANDARD = "gnu++0x";
				CLANG_CXX_LIBRARY = "libc++";
				CLANG_ENABLE_MODULES = YES;
				CLANG_ENABLE_OBJC_ARC = YES;
				CLANG_WARN_BOOL_CONVERSION = YES;
				CLANG_WARN_CONSTANT_CONVERSION = YES;
				CLANG_WARN_DIRECT_OBJC_ISA_USAGE = YES_ERROR;
				CLANG_WARN_DOCUMENTATION_COMMENTS = YES;
				CLANG_WARN_EMPTY_BODY = YES;
				CLANG_WARN_ENUM_CONVERSION = YES;
				CLANG_WARN_INFINITE_RECURSION = YES;
				CLANG_WARN_INT_CONVERSION = YES;
				CLANG_WARN_OBJC_ROOT_CLASS = YES_ERROR;
				CLANG_WARN_SUSPICIOUS_MOVE = YES;
				CLANG_WARN_UNREACHABLE_CODE = YES;
				CLANG_WARN__DUPLICATE_METHOD_MATCH = YES;
				"CODE_SIGN_IDENTITY[sdk=iphoneos*]" = "iPhone Developer";
				COPY_PHASE_STRIP = NO;
				DEBUG_INFORMATION_FORMAT = dwarf;
				ENABLE_STRICT_OBJC_MSGSEND = YES;
				ENABLE_TESTABILITY = YES;
				GCC_C_LANGUAGE_STANDARD = gnu99;
				GCC_DYNAMIC_NO_PIC = NO;
				GCC_NO_COMMON_BLOCKS = YES;
				GCC_OPTIMIZATION_LEVEL = 0;
				GCC_PREPROCESSOR_DEFINITIONS = (
					"DEBUG=1",
					"$(inherited)",
				);
				GCC_WARN_64_TO_32_BIT_CONVERSION = YES;
				GCC_WARN_ABOUT_RETURN_TYPE = YES_ERROR;
				GCC_WARN_UNDECLARED_SELECTOR = YES;
				GCC_WARN_UNINITIALIZED_AUTOS = YES_AGGRESSIVE;
				GCC_WARN_UNUSED_FUNCTION = YES;
				GCC_WARN_UNUSED_VARIABLE = YES;
				IPHONEOS_DEPLOYMENT_TARGET = 10.2;
				MTL_ENABLE_DEBUG_INFO = YES;
				ONLY_ACTIVE_ARCH = YES;
				SDKROOT = iphoneos;
				SWIFT_ACTIVE_COMPILATION_CONDITIONS = DEBUG;
				SWIFT_OPTIMIZATION_LEVEL = "-Onone";
				TARGETED_DEVICE_FAMILY = "1,2";
				USER_HEADER_SEARCH_PATHS = " /Users/zhanghonghuan/Desktop/FileCover/Pods/";
			};
			name = Debug;
		};
		9C895B261E94E9E1003629C6 /* Release */ = {
			isa = XCBuildConfiguration;
			buildSettings = {
				ALWAYS_SEARCH_USER_PATHS = NO;
				CLANG_ANALYZER_NONNULL = YES;
				CLANG_CXX_LANGUAGE_STANDARD = "gnu++0x";
				CLANG_CXX_LIBRARY = "libc++";
				CLANG_ENABLE_MODULES = YES;
				CLANG_ENABLE_OBJC_ARC = YES;
				CLANG_WARN_BOOL_CONVERSION = YES;
				CLANG_WARN_CONSTANT_CONVERSION = YES;
				CLANG_WARN_DIRECT_OBJC_ISA_USAGE = YES_ERROR;
				CLANG_WARN_DOCUMENTATION_COMMENTS = YES;
				CLANG_WARN_EMPTY_BODY = YES;
				CLANG_WARN_ENUM_CONVERSION = YES;
				CLANG_WARN_INFINITE_RECURSION = YES;
				CLANG_WARN_INT_CONVERSION = YES;
				CLANG_WARN_OBJC_ROOT_CLASS = YES_ERROR;
				CLANG_WARN_SUSPICIOUS_MOVE = YES;
				CLANG_WARN_UNREACHABLE_CODE = YES;
				CLANG_WARN__DUPLICATE_METHOD_MATCH = YES;
				"CODE_SIGN_IDENTITY[sdk=iphoneos*]" = "iPhone Developer";
				COPY_PHASE_STRIP = NO;
				DEBUG_INFORMATION_FORMAT = "dwarf-with-dsym";
				ENABLE_NS_ASSERTIONS = NO;
				ENABLE_STRICT_OBJC_MSGSEND = YES;
				GCC_C_LANGUAGE_STANDARD = gnu99;
				GCC_NO_COMMON_BLOCKS = YES;
				GCC_WARN_64_TO_32_BIT_CONVERSION = YES;
				GCC_WARN_ABOUT_RETURN_TYPE = YES_ERROR;
				GCC_WARN_UNDECLARED_SELECTOR = YES;
				GCC_WARN_UNINITIALIZED_AUTOS = YES_AGGRESSIVE;
				GCC_WARN_UNUSED_FUNCTION = YES;
				GCC_WARN_UNUSED_VARIABLE = YES;
				IPHONEOS_DEPLOYMENT_TARGET = 10.2;
				MTL_ENABLE_DEBUG_INFO = NO;
				SDKROOT = iphoneos;
				SWIFT_OPTIMIZATION_LEVEL = "-Owholemodule";
				TARGETED_DEVICE_FAMILY = "1,2";
				USER_HEADER_SEARCH_PATHS = " /Users/zhanghonghuan/Desktop/FileCover/Pods/";
				VALIDATE_PRODUCT = YES;
			};
			name = Release;
		};
		9C895B281E94E9E1003629C6 /* Debug */ = {
			isa = XCBuildConfiguration;
			baseConfigurationReference = 7897A9AED846AF1E3808B04D /* Pods-FileCover.debug.xcconfig */;
			buildSettings = {
				ASSETCATALOG_COMPILER_APPICON_NAME = AppIcon;
				CLANG_ENABLE_MODULES = YES;
				DEVELOPMENT_TEAM = 4HCMMLHLN3;
				INFOPLIST_FILE = FileCover/Info.plist;
				IPHONEOS_DEPLOYMENT_TARGET = 9.0;
				LD_RUNPATH_SEARCH_PATHS = "$(inherited) @executable_path/Frameworks";
				PRODUCT_BUNDLE_IDENTIFIER = test.FileCover;
				PRODUCT_NAME = "$(TARGET_NAME)";
				SWIFT_OBJC_BRIDGING_HEADER = "FileCover/FCCommon/FileCover-Bridging-Header.h";
				SWIFT_OPTIMIZATION_LEVEL = "-Onone";
				SWIFT_VERSION = 3.0;
			};
			name = Debug;
		};
		9C895B291E94E9E1003629C6 /* Release */ = {
			isa = XCBuildConfiguration;
			baseConfigurationReference = 8A07EF16A5B37D3C9337FFA1 /* Pods-FileCover.release.xcconfig */;
			buildSettings = {
				ASSETCATALOG_COMPILER_APPICON_NAME = AppIcon;
				CLANG_ENABLE_MODULES = YES;
				DEVELOPMENT_TEAM = 4HCMMLHLN3;
				INFOPLIST_FILE = FileCover/Info.plist;
				IPHONEOS_DEPLOYMENT_TARGET = 9.0;
				LD_RUNPATH_SEARCH_PATHS = "$(inherited) @executable_path/Frameworks";
				PRODUCT_BUNDLE_IDENTIFIER = test.FileCover;
				PRODUCT_NAME = "$(TARGET_NAME)";
				SWIFT_OBJC_BRIDGING_HEADER = "FileCover/FCCommon/FileCover-Bridging-Header.h";
				SWIFT_VERSION = 3.0;
			};
			name = Release;
		};
/* End XCBuildConfiguration section */

/* Begin XCConfigurationList section */
		9C895B101E94E9E1003629C6 /* Build configuration list for PBXProject "FileCover" */ = {
			isa = XCConfigurationList;
			buildConfigurations = (
				9C895B251E94E9E1003629C6 /* Debug */,
				9C895B261E94E9E1003629C6 /* Release */,
			);
			defaultConfigurationIsVisible = 0;
			defaultConfigurationName = Release;
		};
		9C895B271E94E9E1003629C6 /* Build configuration list for PBXNativeTarget "FileCover" */ = {
			isa = XCConfigurationList;
			buildConfigurations = (
				9C895B281E94E9E1003629C6 /* Debug */,
				9C895B291E94E9E1003629C6 /* Release */,
			);
			defaultConfigurationIsVisible = 0;
			defaultConfigurationName = Release;
		};
/* End XCConfigurationList section */
	};
	rootObject = 9C895B0D1E94E9E1003629C6 /* Project object */;
}
